
Microsoft Visual Studio Solution File, Format Version 12.00
# Visual Studio Version 16
VisualStudioVersion = 16.0.30413.136
MinimumVisualStudioVersion = 10.0.40219.1
Project("{9A19103F-16F7-4668-BE54-9A1E7A4F7556}") = "Server-Manager", "Server-Manager.csproj", "{F52F5137-5CBB-4050-AE58-3A1BDB43B7FC}"
EndProject
Global
	GlobalSection(SolutionConfigurationPlatforms) = preSolution
		Debug|Any CPU = Debug|Any CPU
		Release|Any CPU = Release|Any CPU
	EndGlobalSection
	GlobalSection(ProjectConfigurationPlatforms) = postSolution
		{F52F5137-5CBB-4050-AE58-3A1BDB43B7FC}.Debug|Any CPU.ActiveCfg = Debug|Any CPU
		{F52F5137-5CBB-4050-AE58-3A1BDB43B7FC}.Debug|Any CPU.Build.0 = Debug|Any CPU
		{F52F5137-5CBB-4050-AE58-3A1BDB43B7FC}.Release|Any CPU.ActiveCfg = Release|Any CPU
		{F52F5137-5CBB-4050-AE58-3A1BDB43B7FC}.Release|Any CPU.Build.0 = Release|Any CPU
	EndGlobalSection
	GlobalSection(SolutionProperties) = preSolution
		HideSolutionNode = FALSE
	EndGlobalSection
	GlobalSection(ExtensibilityGlobals) = postSolution
		SolutionGuid = {F444F2FB-E968-4B65-A436-B200A36838FD}
	EndGlobalSection
EndGlobal
